# THIS IS AN AUTOGENERATED FILE. DO NOT EDIT THIS FILE DIRECTLY.
# yarn lockfile v1


"@types/body-parser@0.0.33":
  version "0.0.33"
  resolved "https://registry.yarnpkg.com/@types/body-parser/-/body-parser-0.0.33.tgz#33ca1498fc37e51c5df0c81cae34569e7041e025"
  dependencies:
    "@types/express" "*"

"@types/clean-css@^3.4.30":
  version "3.4.30"
  resolved "https://registry.yarnpkg.com/@types/clean-css/-/clean-css-3.4.30.tgz#0052c136f5248002428e3638b37de4a39818641d"

"@types/debug@0.0.29":
  version "0.0.29"
  resolved "https://registry.yarnpkg.com/@types/debug/-/debug-0.0.29.tgz#a1e514adfbd92f03a224ba54d693111dbf1f3754"

"@types/express-serve-static-core@*":
  version "4.0.47"
  resolved "https://registry.yarnpkg.com/@types/express-serve-static-core/-/express-serve-static-core-4.0.47.tgz#71b3c6b060ba8aea97d205171ff3f3a69d3db465"
  dependencies:
    "@types/node" "*"

"@types/express-session@0.0.32":
  version "0.0.32"
  resolved "https://registry.yarnpkg.com/@types/express-session/-/express-session-0.0.32.tgz#82f9e6a028eb6125a412db95f0e61a97d1945ee0"
  dependencies:
    "@types/express" "*"
    "@types/node" "*"

"@types/express@*", "@types/express@^4.0.34":
  version "4.0.36"
  resolved "https://registry.yarnpkg.com/@types/express/-/express-4.0.36.tgz#14eb47de7ecb10319f0a2fb1cf971aa8680758c2"
  dependencies:
    "@types/express-serve-static-core" "*"
    "@types/serve-static" "*"

"@types/gm@^1.17.29":
  version "1.17.31"
  resolved "https://registry.yarnpkg.com/@types/gm/-/gm-1.17.31.tgz#1031314284cd72c479a1a7993800a1f13e5fb6bd"
  dependencies:
    "@types/node" "*"

"@types/hashids@1.0.28":
  version "1.0.28"
  resolved "https://registry.yarnpkg.com/@types/hashids/-/hashids-1.0.28.tgz#53c76b7bbb3e2d391aa1183a41a6f7f06368231d"
  dependencies:
    "@types/node" "*"

"@types/mime@*":
  version "1.3.0"
  resolved "https://registry.yarnpkg.com/@types/mime/-/mime-1.3.0.tgz#d24ffac7d1006fe68517202fb2aeba3dbe48284b"

"@types/mysql@0.0.30":
  version "0.0.30"
  resolved "https://registry.yarnpkg.com/@types/mysql/-/mysql-0.0.30.tgz#614d1e188575908d1766462d6b24138c063cc160"
  dependencies:
    "@types/node" "*"

"@types/node-fetch@^1.6.6":
  version "1.6.7"
  resolved "https://registry.yarnpkg.com/@types/node-fetch/-/node-fetch-1.6.7.tgz#521078e8f0c69a158e5022005aca92d2620f6d57"
  dependencies:
    "@types/node" "*"

"@types/node@*":
  version "7.0.31"
  resolved "https://registry.yarnpkg.com/@types/node/-/node-7.0.31.tgz#80ea4d175599b2a00149c29a10a4eb2dff592e86"

"@types/redis@^0.12.33":
  version "0.12.36"
  resolved "https://registry.yarnpkg.com/@types/redis/-/redis-0.12.36.tgz#61df652a269af425fe2e9ee95cdfa175577b4c3b"
  dependencies:
    "@types/node" "*"

"@types/serve-static@*":
  version "1.7.31"
  resolved "https://registry.yarnpkg.com/@types/serve-static/-/serve-static-1.7.31.tgz#15456de8d98d6b4cff31be6c6af7492ae63f521a"
  dependencies:
    "@types/express-serve-static-core" "*"
    "@types/mime" "*"

"@types/source-map-support@^0.2.28":
  version "0.2.28"
  resolved "https://registry.yarnpkg.com/@types/source-map-support/-/source-map-support-0.2.28.tgz#ce6497dfa9c9fbd21a753955b4a51d8993d759dd"
  dependencies:
    "@types/node" "*"

accepts@~1.3.3:
  version "1.3.3"
  resolved "https://registry.yarnpkg.com/accepts/-/accepts-1.3.3.tgz#c3ca7434938648c3e0d9c1e328dd68b622c284ca"
  dependencies:
    mime-types "~2.1.11"
    negotiator "0.6.1"

acorn-es7-plugin@~1.1.0:
  version "1.1.7"
  resolved "https://registry.yarnpkg.com/acorn-es7-plugin/-/acorn-es7-plugin-1.1.7.tgz#f2ee1f3228a90eead1245f9ab1922eb2e71d336b"

acorn@~4.0.5:
  version "4.0.13"
  resolved "https://registry.yarnpkg.com/acorn/-/acorn-4.0.13.tgz#105495ae5361d697bd195c825192e1ad7f253787"

amdefine@>=0.0.4:
  version "1.0.1"
  resolved "https://registry.yarnpkg.com/amdefine/-/amdefine-1.0.1.tgz#4a5282ac164729e93619bcfd3ad151f817ce91f5"

array-flatten@1.1.1:
  version "1.1.1"
  resolved "https://registry.yarnpkg.com/array-flatten/-/array-flatten-1.1.1.tgz#9a5f699051b1e7073328f2a008968b64ea2955d2"

array-parallel@~0.1.3:
  version "0.1.3"
  resolved "https://registry.yarnpkg.com/array-parallel/-/array-parallel-0.1.3.tgz#8f785308926ed5aa478c47e64d1b334b6c0c947d"

array-series@~0.1.5:
  version "0.1.5"
  resolved "https://registry.yarnpkg.com/array-series/-/array-series-0.1.5.tgz#df5d37bfc5c2ef0755e2aa4f92feae7d4b5a972f"

ast-types@^0.9.5:
  version "0.9.12"
  resolved "https://registry.yarnpkg.com/ast-types/-/ast-types-0.9.12.tgz#b136300d67026625ae15326982ca9918e5db73c9"

bignumber.js@3.1.2:
  version "3.1.2"
  resolved "https://registry.yarnpkg.com/bignumber.js/-/bignumber.js-3.1.2.tgz#f3bdb99ad5268a15fc1f0bed2fb018e2693fe236"

body-parser@^1.15.2:
  version "1.17.2"
  resolved "https://registry.yarnpkg.com/body-parser/-/body-parser-1.17.2.tgz#f8892abc8f9e627d42aedafbca66bf5ab99104ee"
  dependencies:
    bytes "2.4.0"
    content-type "~1.0.2"
    debug "2.6.7"
    depd "~1.1.0"
    http-errors "~1.6.1"
    iconv-lite "0.4.15"
    on-finished "~2.3.0"
    qs "6.4.0"
    raw-body "~2.2.0"
    type-is "~1.6.15"

bytes@2.4.0:
  version "2.4.0"
  resolved "https://registry.yarnpkg.com/bytes/-/bytes-2.4.0.tgz#7d97196f9d5baf7f6935e25985549edd2a6c2339"

clean-css@^3.4.23:
  version "3.4.27"
  resolved "https://registry.yarnpkg.com/clean-css/-/clean-css-3.4.27.tgz#adef75b31c160ffa5d72f4de67966e2660c1a255"
  dependencies:
    commander "2.8.x"
    source-map "0.4.x"

commander@2.8.x:
  version "2.8.1"
  resolved "https://registry.yarnpkg.com/commander/-/commander-2.8.1.tgz#06be367febfda0c330aa1e2a072d3dc9762425d4"
  dependencies:
    graceful-readlink ">= 1.0.0"

connect-smart-redis@^1.1.0:
  version "1.1.0"
  resolved "https://registry.yarnpkg.com/connect-smart-redis/-/connect-smart-redis-1.1.0.tgz#876410559fe17e7c803c8f106cc9048f2135ec89"
  dependencies:
    fast-json-patch "^0.5.1"

content-disposition@0.5.2:
  version "0.5.2"
  resolved "https://registry.yarnpkg.com/content-disposition/-/content-disposition-0.5.2.tgz#0cf68bb9ddf5f2be7961c3a85178cb85dba78cb4"

content-type@~1.0.2:
  version "1.0.2"
  resolved "https://registry.yarnpkg.com/content-type/-/content-type-1.0.2.tgz#b7d113aee7a8dd27bd21133c4dc2529df1721eed"

cookie-signature@1.0.6:
  version "1.0.6"
  resolved "https://registry.yarnpkg.com/cookie-signature/-/cookie-signature-1.0.6.tgz#e303a882b342cc3ee8ca513a79999734dab3ae2c"

cookie@0.3.1:
  version "0.3.1"
  resolved "https://registry.yarnpkg.com/cookie/-/cookie-0.3.1.tgz#e7e0a1f9ef43b4c8ba925c5c5a96e806d16873bb"

core-util-is@~1.0.0:
  version "1.0.2"
  resolved "https://registry.yarnpkg.com/core-util-is/-/core-util-is-1.0.2.tgz#b5fd54220aa2bc5ab57aab7140c940754503c1a7"

country-list@^1.1.0:
  version "1.1.0"
  resolved "https://registry.yarnpkg.com/country-list/-/country-list-1.1.0.tgz#3ea3608857e17458657d129e1d737e4c2f79775b"

crc@3.4.4:
  version "3.4.4"
  resolved "https://registry.yarnpkg.com/crc/-/crc-3.4.4.tgz#9da1e980e3bd44fc5c93bf5ab3da3378d85e466b"

cross-spawn@^4.0.0:
  version "4.0.2"
  resolved "https://registry.yarnpkg.com/cross-spawn/-/cross-spawn-4.0.2.tgz#7b9247621c23adfdd3856004a823cbe397424d41"
  dependencies:
    lru-cache "^4.0.1"
    which "^1.2.9"

debug@2.6.7:
  version "2.6.7"
  resolved "https://registry.yarnpkg.com/debug/-/debug-2.6.7.tgz#92bad1f6d05bbb6bba22cca88bcd0ec894c2861e"
  dependencies:
    ms "2.0.0"

debug@^2.3.3:
  version "2.6.8"
  resolved "https://registry.yarnpkg.com/debug/-/debug-2.6.8.tgz#e731531ca2ede27d188222427da17821d68ff4fc"
  dependencies:
    ms "2.0.0"

debug@~2.2.0:
  version "2.2.0"
  resolved "https://registry.yarnpkg.com/debug/-/debug-2.2.0.tgz#f87057e995b1a1f6ae6a4960664137bc56f039da"
  dependencies:
    ms "0.7.1"

depd@1.1.0, depd@~1.1.0:
  version "1.1.0"
  resolved "https://registry.yarnpkg.com/depd/-/depd-1.1.0.tgz#e1bd82c6aab6ced965b97b88b17ed3e528ca18c3"

destroy@~1.0.4:
  version "1.0.4"
  resolved "https://registry.yarnpkg.com/destroy/-/destroy-1.0.4.tgz#978857442c44749e4206613e37946205826abd80"

double-ended-queue@^2.1.0-0:
  version "2.1.0-0"
  resolved "https://registry.yarnpkg.com/double-ended-queue/-/double-ended-queue-2.1.0-0.tgz#103d3527fd31528f40188130c841efdd78264e5c"

ee-first@1.1.1:
  version "1.1.1"
  resolved "https://registry.yarnpkg.com/ee-first/-/ee-first-1.1.1.tgz#590c61156b0ae2f4f0255732a158b266bc56b21d"

encodeurl@~1.0.1:
  version "1.0.1"
  resolved "https://registry.yarnpkg.com/encodeurl/-/encodeurl-1.0.1.tgz#79e3d58655346909fe6f0f45a5de68103b294d20"

encoding@^0.1.11:
  version "0.1.12"
  resolved "https://registry.yarnpkg.com/encoding/-/encoding-0.1.12.tgz#538b66f3ee62cd1ab51ec323829d1f9480c74beb"
  dependencies:
    iconv-lite "~0.4.13"

escape-html@~1.0.3:
  version "1.0.3"
  resolved "https://registry.yarnpkg.com/escape-html/-/escape-html-1.0.3.tgz#0258eae4d3d0c0974de1c169188ef0051d1d1988"

etag@~1.8.0:
  version "1.8.0"
  resolved "https://registry.yarnpkg.com/etag/-/etag-1.8.0.tgz#6f631aef336d6c46362b51764044ce216be3c051"

express-session@^1.14.2:
  version "1.15.3"
  resolved "https://registry.yarnpkg.com/express-session/-/express-session-1.15.3.tgz#db545f0435a7b1b228ae02da8197f65141735c67"
  dependencies:
    cookie "0.3.1"
    cookie-signature "1.0.6"
    crc "3.4.4"
    debug "2.6.7"
    depd "~1.1.0"
    on-headers "~1.0.1"
    parseurl "~1.3.1"
    uid-safe "~2.1.4"
    utils-merge "1.0.0"

express@^4.14.0:
  version "4.15.3"
  resolved "https://registry.yarnpkg.com/express/-/express-4.15.3.tgz#bab65d0f03aa80c358408972fc700f916944b662"
  dependencies:
    accepts "~1.3.3"
    array-flatten "1.1.1"
    content-disposition "0.5.2"
    content-type "~1.0.2"
    cookie "0.3.1"
    cookie-signature "1.0.6"
    debug "2.6.7"
    depd "~1.1.0"
    encodeurl "~1.0.1"
    escape-html "~1.0.3"
    etag "~1.8.0"
    finalhandler "~1.0.3"
    fresh "0.5.0"
    merge-descriptors "1.0.1"
    methods "~1.1.2"
    on-finished "~2.3.0"
    parseurl "~1.3.1"
    path-to-regexp "0.1.7"
    proxy-addr "~1.1.4"
    qs "6.4.0"
    range-parser "~1.2.0"
    send "0.15.3"
    serve-static "1.12.3"
    setprototypeof "1.0.3"
    statuses "~1.3.1"
    type-is "~1.6.15"
    utils-merge "1.0.0"
    vary "~1.1.1"

fast-json-patch@^0.5.1:
  version "0.5.7"
  resolved "https://registry.yarnpkg.com/fast-json-patch/-/fast-json-patch-0.5.7.tgz#b5a8f49d259624596ef98b872f3fda895b4d8665"

finalhandler@~1.0.3:
  version "1.0.3"
  resolved "https://registry.yarnpkg.com/finalhandler/-/finalhandler-1.0.3.tgz#ef47e77950e999780e86022a560e3217e0d0cc89"
  dependencies:
    debug "2.6.7"
    encodeurl "~1.0.1"
    escape-html "~1.0.3"
    on-finished "~2.3.0"
    parseurl "~1.3.1"
    statuses "~1.3.1"
    unpipe "~1.0.0"

forwarded@~0.1.0:
  version "0.1.0"
  resolved "https://registry.yarnpkg.com/forwarded/-/forwarded-0.1.0.tgz#19ef9874c4ae1c297bcf078fde63a09b66a84363"

fresh@0.5.0:
  version "0.5.0"
  resolved "https://registry.yarnpkg.com/fresh/-/fresh-0.5.0.tgz#f474ca5e6a9246d6fd8e0953cfa9b9c805afa78e"

gm@^1.23.0:
  version "1.23.0"
  resolved "https://registry.yarnpkg.com/gm/-/gm-1.23.0.tgz#80a2fe9cbf131515024846444658461269f52661"
  dependencies:
    array-parallel "~0.1.3"
    array-series "~0.1.5"
    cross-spawn "^4.0.0"
    debug "~2.2.0"

"graceful-readlink@>= 1.0.0":
  version "1.0.1"
  resolved "https://registry.yarnpkg.com/graceful-readlink/-/graceful-readlink-1.0.1.tgz#4cafad76bc62f02fa039b2f94e9a3dd3a391a725"

hashids@1.1.1:
  version "1.1.1"
  resolved "https://registry.yarnpkg.com/hashids/-/hashids-1.1.1.tgz#3c36fcc5b3ba1a96a8fa67a632eb7877c41c6d3e"

http-errors@~1.6.1:
  version "1.6.1"
  resolved "https://registry.yarnpkg.com/http-errors/-/http-errors-1.6.1.tgz#5f8b8ed98aca545656bf572997387f904a722257"
  dependencies:
    depd "1.1.0"
    inherits "2.0.3"
    setprototypeof "1.0.3"
    statuses ">= 1.3.1 < 2"

iconv-lite@0.4.15, iconv-lite@~0.4.13:
  version "0.4.15"
  resolved "https://registry.yarnpkg.com/iconv-lite/-/iconv-lite-0.4.15.tgz#fe265a218ac6a57cfe854927e9d04c19825eddeb"

inherits@2.0.3, inherits@~2.0.1:
  version "2.0.3"
  resolved "https://registry.yarnpkg.com/inherits/-/inherits-2.0.3.tgz#633c2c83e3da42a502f52466022480f4208261de"

ipaddr.js@1.3.0:
  version "1.3.0"
  resolved "https://registry.yarnpkg.com/ipaddr.js/-/ipaddr.js-1.3.0.tgz#1e03a52fdad83a8bbb2b25cbf4998b4cffcd3dec"

is-stream@^1.0.1:
  version "1.1.0"
  resolved "https://registry.yarnpkg.com/is-stream/-/is-stream-1.1.0.tgz#12d4a3dd4e68e0b79ceb8dbc84173ae80d91ca44"

isarray@0.0.1:
  version "0.0.1"
  resolved "https://registry.yarnpkg.com/isarray/-/isarray-0.0.1.tgz#8a18acfca9a8f4177e09abfc6038939b05d1eedf"

isexe@^2.0.0:
  version "2.0.0"
  resolved "https://registry.yarnpkg.com/isexe/-/isexe-2.0.0.tgz#e8fbf374dc556ff8947a10dcb0572d633f2cfa10"

lru-cache@^4.0.1:
  version "4.1.1"
  resolved "https://registry.yarnpkg.com/lru-cache/-/lru-cache-4.1.1.tgz#622e32e82488b49279114a4f9ecf45e7cd6bba55"
  dependencies:
    pseudomap "^1.0.2"
    yallist "^2.1.2"

magic-string@~0.19.0:
  version "0.19.1"
  resolved "https://registry.yarnpkg.com/magic-string/-/magic-string-0.19.1.tgz#14d768013caf2ec8fdea16a49af82fc377e75201"
  dependencies:
    vlq "^0.2.1"

media-typer@0.3.0:
  version "0.3.0"
  resolved "https://registry.yarnpkg.com/media-typer/-/media-typer-0.3.0.tgz#8710d7af0aa626f8fffa1ce00168545263255748"

merge-descriptors@1.0.1:
  version "1.0.1"
  resolved "https://registry.yarnpkg.com/merge-descriptors/-/merge-descriptors-1.0.1.tgz#b00aaa556dd8b44568150ec9d1b953f3f90cbb61"

methods@~1.1.2:
  version "1.1.2"
  resolved "https://registry.yarnpkg.com/methods/-/methods-1.1.2.tgz#5529a4d67654134edcc5266656835b0f851afcee"

mime-db@~1.27.0:
  version "1.27.0"
  resolved "https://registry.yarnpkg.com/mime-db/-/mime-db-1.27.0.tgz#820f572296bbd20ec25ed55e5b5de869e5436eb1"

mime-types@~2.1.11, mime-types@~2.1.15:
  version "2.1.15"
  resolved "https://registry.yarnpkg.com/mime-types/-/mime-types-2.1.15.tgz#a4ebf5064094569237b8cf70046776d09fc92aed"
  dependencies:
    mime-db "~1.27.0"

mime@1.3.4:
  version "1.3.4"
  resolved "https://registry.yarnpkg.com/mime/-/mime-1.3.4.tgz#115f9e3b6b3daf2959983cb38f149a2d40eb5d53"

ms@0.7.1:
  version "0.7.1"
  resolved "https://registry.yarnpkg.com/ms/-/ms-0.7.1.tgz#9cd13c03adbff25b65effde7ce864ee952017098"

ms@2.0.0:
  version "2.0.0"
  resolved "https://registry.yarnpkg.com/ms/-/ms-2.0.0.tgz#5608aeadfc00be6c2901df5f9861788de0d597c8"

mysql@^2.12.0:
  version "2.13.0"
  resolved "https://registry.yarnpkg.com/mysql/-/mysql-2.13.0.tgz#998f1f8ca46e2e3dd7149ce982413653986aae47"
  dependencies:
    bignumber.js "3.1.2"
    readable-stream "1.1.14"
    sqlstring "2.2.0"

negotiator@0.6.1:
  version "0.6.1"
  resolved "https://registry.yarnpkg.com/negotiator/-/negotiator-0.6.1.tgz#2b327184e8992101177b28563fb5e7102acd0ca9"

node-fetch@^1.6.3:
  version "1.7.1"
  resolved "https://registry.yarnpkg.com/node-fetch/-/node-fetch-1.7.1.tgz#899cb3d0a3c92f952c47f1b876f4c8aeabd400d5"
  dependencies:
    encoding "^0.1.11"
    is-stream "^1.0.1"

on-finished@~2.3.0:
  version "2.3.0"
  resolved "https://registry.yarnpkg.com/on-finished/-/on-finished-2.3.0.tgz#20f1336481b083cd75337992a16971aa2d906947"
  dependencies:
    ee-first "1.1.1"

on-headers@~1.0.1:
  version "1.0.1"
  resolved "https://registry.yarnpkg.com/on-headers/-/on-headers-1.0.1.tgz#928f5d0f470d49342651ea6794b0857c100693f7"

parseurl@~1.3.1:
  version "1.3.1"
  resolved "https://registry.yarnpkg.com/parseurl/-/parseurl-1.3.1.tgz#c8ab8c9223ba34888aa64a297b28853bec18da56"

path-to-regexp@0.1.7:
  version "0.1.7"
  resolved "https://registry.yarnpkg.com/path-to-regexp/-/path-to-regexp-0.1.7.tgz#df604178005f522f15eb4490e7247a1bfaa67f8c"

proxy-addr@~1.1.4:
  version "1.1.4"
  resolved "https://registry.yarnpkg.com/proxy-addr/-/proxy-addr-1.1.4.tgz#27e545f6960a44a627d9b44467e35c1b6b4ce2f3"
  dependencies:
    forwarded "~0.1.0"
    ipaddr.js "1.3.0"

pseudomap@^1.0.2:
  version "1.0.2"
  resolved "https://registry.yarnpkg.com/pseudomap/-/pseudomap-1.0.2.tgz#f052a28da70e618917ef0a8ac34c1ae5a68286b3"

qs@6.4.0:
  version "6.4.0"
  resolved "https://registry.yarnpkg.com/qs/-/qs-6.4.0.tgz#13e26d28ad6b0ffaa91312cd3bf708ed351e7233"

random-bytes@~1.0.0:
  version "1.0.0"
  resolved "https://registry.yarnpkg.com/random-bytes/-/random-bytes-1.0.0.tgz#4f68a1dc0ae58bd3fb95848c30324db75d64360b"

range-parser@~1.2.0:
  version "1.2.0"
  resolved "https://registry.yarnpkg.com/range-parser/-/range-parser-1.2.0.tgz#f49be6b487894ddc40dcc94a322f611092e00d5e"

raw-body@~2.2.0:
  version "2.2.0"
  resolved "https://registry.yarnpkg.com/raw-body/-/raw-body-2.2.0.tgz#994976cf6a5096a41162840492f0bdc5d6e7fb96"
  dependencies:
    bytes "2.4.0"
    iconv-lite "0.4.15"
    unpipe "1.0.0"

readable-stream@1.1.14:
  version "1.1.14"
  resolved "https://registry.yarnpkg.com/readable-stream/-/readable-stream-1.1.14.tgz#7cf4c54ef648e3813084c636dd2079e166c081d9"
  dependencies:
    core-util-is "~1.0.0"
    inherits "~2.0.1"
    isarray "0.0.1"
    string_decoder "~0.10.x"

redis-commands@^1.2.0:
  version "1.3.1"
  resolved "https://registry.yarnpkg.com/redis-commands/-/redis-commands-1.3.1.tgz#81d826f45fa9c8b2011f4cd7a0fe597d241d442b"

redis-parser@^2.5.0:
  version "2.6.0"
  resolved "https://registry.yarnpkg.com/redis-parser/-/redis-parser-2.6.0.tgz#52ed09dacac108f1a631c07e9b69941e7a19504b"

redis@^2.6.3:
  version "2.7.1"
  resolved "https://registry.yarnpkg.com/redis/-/redis-2.7.1.tgz#7d56f7875b98b20410b71539f1d878ed58ebf46a"
  dependencies:
    double-ended-queue "^2.1.0-0"
    redis-commands "^1.2.0"
    redis-parser "^2.5.0"

reify@^0.4.4:
  version "0.4.16"
  resolved "https://registry.yarnpkg.com/reify/-/reify-0.4.16.tgz#d852914a692beced4d32bc0549d9d13a8d466a77"
  dependencies:
    acorn "~4.0.5"
    acorn-es7-plugin "~1.1.0"
    ast-types "^0.9.5"
    magic-string "~0.19.0"

send@0.15.3:
  version "0.15.3"
  resolved "https://registry.yarnpkg.com/send/-/send-0.15.3.tgz#5013f9f99023df50d1bd9892c19e3defd1d53309"
  dependencies:
    debug "2.6.7"
    depd "~1.1.0"
    destroy "~1.0.4"
    encodeurl "~1.0.1"
    escape-html "~1.0.3"
    etag "~1.8.0"
    fresh "0.5.0"
    http-errors "~1.6.1"
    mime "1.3.4"
    ms "2.0.0"
    on-finished "~2.3.0"
    range-parser "~1.2.0"
    statuses "~1.3.1"

serve-static@1.12.3, serve-static@^1.11.1:
  version "1.12.3"
  resolved "https://registry.yarnpkg.com/serve-static/-/serve-static-1.12.3.tgz#9f4ba19e2f3030c547f8af99107838ec38d5b1e2"
  dependencies:
    encodeurl "~1.0.1"
    escape-html "~1.0.3"
    parseurl "~1.3.1"
    send "0.15.3"

setprototypeof@1.0.3:
  version "1.0.3"
  resolved "https://registry.yarnpkg.com/setprototypeof/-/setprototypeof-1.0.3.tgz#66567e37043eeb4f04d91bd658c0cbefb55b8e04"

source-map-support@^0.4.6:
  version "0.4.15"
  resolved "https://registry.yarnpkg.com/source-map-support/-/source-map-support-0.4.15.tgz#03202df65c06d2bd8c7ec2362a193056fef8d3b1"
  dependencies:
    source-map "^0.5.6"

source-map@0.4.x:
  version "0.4.4"
  resolved "https://registry.yarnpkg.com/source-map/-/source-map-0.4.4.tgz#eba4f5da9c0dc999de68032d8b4f76173652036b"
  dependencies:
    amdefine ">=0.0.4"

source-map@^0.5.6:
  version "0.5.6"
  resolved "https://registry.yarnpkg.com/source-map/-/source-map-0.5.6.tgz#75ce38f52bf0733c5a7f0c118d81334a2bb5f412"

sqlstring@2.2.0:
  version "2.2.0"
  resolved "https://registry.yarnpkg.com/sqlstring/-/sqlstring-2.2.0.tgz#c3135c4ea8abcd7e7ee741a4966a891d86a4f191"

"statuses@>= 1.3.1 < 2", statuses@~1.3.1:
  version "1.3.1"
  resolved "https://registry.yarnpkg.com/statuses/-/statuses-1.3.1.tgz#faf51b9eb74aaef3b3acf4ad5f61abf24cb7b93e"

string_decoder@~0.10.x:
  version "0.10.31"
  resolved "https://registry.yarnpkg.com/string_decoder/-/string_decoder-0.10.31.tgz#62e203bc41766c6c28c9fc84301dab1c5310fa94"

type-is@~1.6.15:
  version "1.6.15"
  resolved "https://registry.yarnpkg.com/type-is/-/type-is-1.6.15.tgz#cab10fb4909e441c82842eafe1ad646c81804410"
  dependencies:
    media-typer "0.3.0"
    mime-types "~2.1.15"

typescript@2.1.4:
  version "2.1.4"
  resolved "https://registry.yarnpkg.com/typescript/-/typescript-2.1.4.tgz#b53b69fb841126acb1dd4b397d21daba87572251"

uid-safe@~2.1.4:
  version "2.1.4"
  resolved "https://registry.yarnpkg.com/uid-safe/-/uid-safe-2.1.4.tgz#3ad6f38368c6d4c8c75ec17623fb79aa1d071d81"
  dependencies:
    random-bytes "~1.0.0"

unpipe@1.0.0, unpipe@~1.0.0:
  version "1.0.0"
  resolved "https://registry.yarnpkg.com/unpipe/-/unpipe-1.0.0.tgz#b2bf4ee8514aae6165b4817829d21b2ef49904ec"

utils-merge@1.0.0:
  version "1.0.0"
  resolved "https://registry.yarnpkg.com/utils-merge/-/utils-merge-1.0.0.tgz#0294fb922bb9375153541c4f7096231f287c8af8"

vary@~1.1.1:
  version "1.1.1"
  resolved "https://registry.yarnpkg.com/vary/-/vary-1.1.1.tgz#67535ebb694c1d52257457984665323f587e8d37"

vlq@^0.2.1:
  version "0.2.2"
  resolved "https://registry.yarnpkg.com/vlq/-/vlq-0.2.2.tgz#e316d5257b40b86bb43cb8d5fea5d7f54d6b0ca1"

which@^1.2.9:
  version "1.2.14"
  resolved "https://registry.yarnpkg.com/which/-/which-1.2.14.tgz#9a87c4378f03e827cecaf1acdf56c736c01c14e5"
  dependencies:
    isexe "^2.0.0"

yallist@^2.1.2:
  version "2.1.2"
  resolved "https://registry.yarnpkg.com/yallist/-/yallist-2.1.2.tgz#1c11f9218f076089a47dd512f93c6699a6a81d52"
